// !$*UTF8*$!
{
	archiveVersion = 1;
	classes = {
	};
	objectVersion = 55;
	objects = {

/* Begin PBXBuildFile section */
		057F6DDE413FDBCC536FF96C /* Pods_Messenger_MessengerUITests.framework in Frameworks */ = {isa = PBXBuildFile; fileRef = 5BA14CE66AF89EA285BAAD1B /* Pods_Messenger_MessengerUITests.framework */; };
		1E8558F950DE1A33A499243F /* Pods_Messenger.framework in Frameworks */ = {isa = PBXBuildFile; fileRef = 20803CD18DFBE9314274AFCC /* Pods_Messenger.framework */; };
		654339B82A3EAC8C0075902C /* GoogleService-Info.plist in Resources */ = {isa = PBXBuildFile; fileRef = 654339B72A3EAC8C0075902C /* GoogleService-Info.plist */; };
		654339BA2A3EB83C0075902C /* DatabaseManager.swift in Sources */ = {isa = PBXBuildFile; fileRef = 654339B92A3EB83C0075902C /* DatabaseManager.swift */; };
		65B921CF2A3DCE7200E6BD15 /* AppDelegate.swift in Sources */ = {isa = PBXBuildFile; fileRef = 65B921CE2A3DCE7200E6BD15 /* AppDelegate.swift */; };
		65B921D12A3DCE7200E6BD15 /* SceneDelegate.swift in Sources */ = {isa = PBXBuildFile; fileRef = 65B921D02A3DCE7200E6BD15 /* SceneDelegate.swift */; };
		65B921D32A3DCE7200E6BD15 /* ConversationViewController.swift in Sources */ = {isa = PBXBuildFile; fileRef = 65B921D22A3DCE7200E6BD15 /* ConversationViewController.swift */; };
		65B921D62A3DCE7200E6BD15 /* Main.storyboard in Resources */ = {isa = PBXBuildFile; fileRef = 65B921D42A3DCE7200E6BD15 /* Main.storyboard */; };
		65B921D92A3DCE7200E6BD15 /* Messenger.xcdatamodeld in Sources */ = {isa = PBXBuildFile; fileRef = 65B921D72A3DCE7200E6BD15 /* Messenger.xcdatamodeld */; };
		65B921DB2A3DCE7600E6BD15 /* Assets.xcassets in Resources */ = {isa = PBXBuildFile; fileRef = 65B921DA2A3DCE7600E6BD15 /* Assets.xcassets */; };
		65B921DE2A3DCE7600E6BD15 /* LaunchScreen.storyboard in Resources */ = {isa = PBXBuildFile; fileRef = 65B921DC2A3DCE7600E6BD15 /* LaunchScreen.storyboard */; };
		65B921E92A3DCE7600E6BD15 /* MessengerTests.swift in Sources */ = {isa = PBXBuildFile; fileRef = 65B921E82A3DCE7600E6BD15 /* MessengerTests.swift */; };
		65B921F32A3DCE7600E6BD15 /* MessengerUITests.swift in Sources */ = {isa = PBXBuildFile; fileRef = 65B921F22A3DCE7600E6BD15 /* MessengerUITests.swift */; };
		65B921F52A3DCE7600E6BD15 /* MessengerUITestsLaunchTests.swift in Sources */ = {isa = PBXBuildFile; fileRef = 65B921F42A3DCE7600E6BD15 /* MessengerUITestsLaunchTests.swift */; };
		65B922082A3E17A900E6BD15 /* LoginViewController.swift in Sources */ = {isa = PBXBuildFile; fileRef = 65B922072A3E17A900E6BD15 /* LoginViewController.swift */; };
		65B9220A2A3E17B800E6BD15 /* RegisterViewController.swift in Sources */ = {isa = PBXBuildFile; fileRef = 65B922092A3E17B800E6BD15 /* RegisterViewController.swift */; };
		65B9220C2A3E17E000E6BD15 /* PhotoViewerViewController.swift in Sources */ = {isa = PBXBuildFile; fileRef = 65B9220B2A3E17E000E6BD15 /* PhotoViewerViewController.swift */; };
		65B9220E2A3E17EF00E6BD15 /* VideoPlayerViewController.swift in Sources */ = {isa = PBXBuildFile; fileRef = 65B9220D2A3E17EF00E6BD15 /* VideoPlayerViewController.swift */; };
		65B922102A3E180C00E6BD15 /* NewConversationViewController.swift in Sources */ = {isa = PBXBuildFile; fileRef = 65B9220F2A3E180C00E6BD15 /* NewConversationViewController.swift */; };
		65B922122A3E182400E6BD15 /* ProfileViewController.swift in Sources */ = {isa = PBXBuildFile; fileRef = 65B922112A3E182400E6BD15 /* ProfileViewController.swift */; };
		65B922152A3E20CD00E6BD15 /* Extensions.swift in Sources */ = {isa = PBXBuildFile; fileRef = 65B922142A3E20CD00E6BD15 /* Extensions.swift */; };
		768182B5EEC9F5849E0F8B32 /* Pods_MessengerTests.framework in Frameworks */ = {isa = PBXBuildFile; fileRef = 225E24D7F539BF12D500DD26 /* Pods_MessengerTests.framework */; };
/* End PBXBuildFile section */

/* Begin PBXContainerItemProxy section */
		65B921E52A3DCE7600E6BD15 /* PBXContainerItemProxy */ = {
			isa = PBXContainerItemProxy;
			containerPortal = 65B921C32A3DCE7200E6BD15 /* Project object */;
			proxyType = 1;
			remoteGlobalIDString = 65B921CA2A3DCE7200E6BD15;
			remoteInfo = Messenger;
		};
		65B921EF2A3DCE7600E6BD15 /* PBXContainerItemProxy */ = {
			isa = PBXContainerItemProxy;
			containerPortal = 65B921C32A3DCE7200E6BD15 /* Project object */;
			proxyType = 1;
			remoteGlobalIDString = 65B921CA2A3DCE7200E6BD15;
			remoteInfo = Messenger;
		};
/* End PBXContainerItemProxy section */

/* Begin PBXFileReference section */
		0752E9130DD574DC18C1CD68 /* Pods-MessengerTests.debug.xcconfig */ = {isa = PBXFileReference; includeInIndex = 1; lastKnownFileType = text.xcconfig; name = "Pods-MessengerTests.debug.xcconfig"; path = "Target Support Files/Pods-MessengerTests/Pods-MessengerTests.debug.xcconfig"; sourceTree = "<group>"; };
		20803CD18DFBE9314274AFCC /* Pods_Messenger.framework */ = {isa = PBXFileReference; explicitFileType = wrapper.framework; includeInIndex = 0; path = Pods_Messenger.framework; sourceTree = BUILT_PRODUCTS_DIR; };
		225E24D7F539BF12D500DD26 /* Pods_MessengerTests.framework */ = {isa = PBXFileReference; explicitFileType = wrapper.framework; includeInIndex = 0; path = Pods_MessengerTests.framework; sourceTree = BUILT_PRODUCTS_DIR; };
		3F1369E40E54334D36761C01 /* Pods-Messenger-MessengerUITests.release.xcconfig */ = {isa = PBXFileReference; includeInIndex = 1; lastKnownFileType = text.xcconfig; name = "Pods-Messenger-MessengerUITests.release.xcconfig"; path = "Target Support Files/Pods-Messenger-MessengerUITests/Pods-Messenger-MessengerUITests.release.xcconfig"; sourceTree = "<group>"; };
		5BA14CE66AF89EA285BAAD1B /* Pods_Messenger_MessengerUITests.framework */ = {isa = PBXFileReference; explicitFileType = wrapper.framework; includeInIndex = 0; path = Pods_Messenger_MessengerUITests.framework; sourceTree = BUILT_PRODUCTS_DIR; };
		5DDF2CE223B172BDEF29DE5E /* Pods-MessengerTests.release.xcconfig */ = {isa = PBXFileReference; includeInIndex = 1; lastKnownFileType = text.xcconfig; name = "Pods-MessengerTests.release.xcconfig"; path = "Target Support Files/Pods-MessengerTests/Pods-MessengerTests.release.xcconfig"; sourceTree = "<group>"; };
		654339B72A3EAC8C0075902C /* GoogleService-Info.plist */ = {isa = PBXFileReference; fileEncoding = 4; lastKnownFileType = text.plist.xml; path = "GoogleService-Info.plist"; sourceTree = "<group>"; };
		654339B92A3EB83C0075902C /* DatabaseManager.swift */ = {isa = PBXFileReference; lastKnownFileType = sourcecode.swift; path = DatabaseManager.swift; sourceTree = "<group>"; };
		65B921CB2A3DCE7200E6BD15 /* Messenger.app */ = {isa = PBXFileReference; explicitFileType = wrapper.application; includeInIndex = 0; path = Messenger.app; sourceTree = BUILT_PRODUCTS_DIR; };
		65B921CE2A3DCE7200E6BD15 /* AppDelegate.swift */ = {isa = PBXFileReference; lastKnownFileType = sourcecode.swift; path = AppDelegate.swift; sourceTree = "<group>"; };
		65B921D02A3DCE7200E6BD15 /* SceneDelegate.swift */ = {isa = PBXFileReference; lastKnownFileType = sourcecode.swift; path = SceneDelegate.swift; sourceTree = "<group>"; };
		65B921D22A3DCE7200E6BD15 /* ConversationViewController.swift */ = {isa = PBXFileReference; lastKnownFileType = sourcecode.swift; path = ConversationViewController.swift; sourceTree = "<group>"; };
		65B921D52A3DCE7200E6BD15 /* Base */ = {isa = PBXFileReference; lastKnownFileType = file.storyboard; name = Base; path = Base.lproj/Main.storyboard; sourceTree = "<group>"; };
		65B921D82A3DCE7200E6BD15 /* Messenger.xcdatamodel */ = {isa = PBXFileReference; lastKnownFileType = wrapper.xcdatamodel; path = Messenger.xcdatamodel; sourceTree = "<group>"; };
		65B921DA2A3DCE7600E6BD15 /* Assets.xcassets */ = {isa = PBXFileReference; lastKnownFileType = folder.assetcatalog; path = Assets.xcassets; sourceTree = "<group>"; };
		65B921DD2A3DCE7600E6BD15 /* Base */ = {isa = PBXFileReference; lastKnownFileType = file.storyboard; name = Base; path = Base.lproj/LaunchScreen.storyboard; sourceTree = "<group>"; };
		65B921DF2A3DCE7600E6BD15 /* Info.plist */ = {isa = PBXFileReference; lastKnownFileType = text.plist.xml; path = Info.plist; sourceTree = "<group>"; };
		65B921E42A3DCE7600E6BD15 /* MessengerTests.xctest */ = {isa = PBXFileReference; explicitFileType = wrapper.cfbundle; includeInIndex = 0; path = MessengerTests.xctest; sourceTree = BUILT_PRODUCTS_DIR; };
		65B921E82A3DCE7600E6BD15 /* MessengerTests.swift */ = {isa = PBXFileReference; lastKnownFileType = sourcecode.swift; path = MessengerTests.swift; sourceTree = "<group>"; };
		65B921EE2A3DCE7600E6BD15 /* MessengerUITests.xctest */ = {isa = PBXFileReference; explicitFileType = wrapper.cfbundle; includeInIndex = 0; path = MessengerUITests.xctest; sourceTree = BUILT_PRODUCTS_DIR; };
		65B921F22A3DCE7600E6BD15 /* MessengerUITests.swift */ = {isa = PBXFileReference; lastKnownFileType = sourcecode.swift; path = MessengerUITests.swift; sourceTree = "<group>"; };
		65B921F42A3DCE7600E6BD15 /* MessengerUITestsLaunchTests.swift */ = {isa = PBXFileReference; lastKnownFileType = sourcecode.swift; path = MessengerUITestsLaunchTests.swift; sourceTree = "<group>"; };
		65B922072A3E17A900E6BD15 /* LoginViewController.swift */ = {isa = PBXFileReference; lastKnownFileType = sourcecode.swift; path = LoginViewController.swift; sourceTree = "<group>"; };
		65B922092A3E17B800E6BD15 /* RegisterViewController.swift */ = {isa = PBXFileReference; lastKnownFileType = sourcecode.swift; path = RegisterViewController.swift; sourceTree = "<group>"; };
		65B9220B2A3E17E000E6BD15 /* PhotoViewerViewController.swift */ = {isa = PBXFileReference; lastKnownFileType = sourcecode.swift; path = PhotoViewerViewController.swift; sourceTree = "<group>"; };
		65B9220D2A3E17EF00E6BD15 /* VideoPlayerViewController.swift */ = {isa = PBXFileReference; lastKnownFileType = sourcecode.swift; path = VideoPlayerViewController.swift; sourceTree = "<group>"; };
		65B9220F2A3E180C00E6BD15 /* NewConversationViewController.swift */ = {isa = PBXFileReference; lastKnownFileType = sourcecode.swift; path = NewConversationViewController.swift; sourceTree = "<group>"; };
		65B922112A3E182400E6BD15 /* ProfileViewController.swift */ = {isa = PBXFileReference; lastKnownFileType = sourcecode.swift; path = ProfileViewController.swift; sourceTree = "<group>"; };
		65B922142A3E20CD00E6BD15 /* Extensions.swift */ = {isa = PBXFileReference; lastKnownFileType = sourcecode.swift; path = Extensions.swift; sourceTree = "<group>"; };
		6C8DA0B4781A6F58E1454540 /* Pods-Messenger.debug.xcconfig */ = {isa = PBXFileReference; includeInIndex = 1; lastKnownFileType = text.xcconfig; name = "Pods-Messenger.debug.xcconfig"; path = "Target Support Files/Pods-Messenger/Pods-Messenger.debug.xcconfig"; sourceTree = "<group>"; };
		D569FA6EB022D0F6A4615A39 /* Pods-Messenger.release.xcconfig */ = {isa = PBXFileReference; includeInIndex = 1; lastKnownFileType = text.xcconfig; name = "Pods-Messenger.release.xcconfig"; path = "Target Support Files/Pods-Messenger/Pods-Messenger.release.xcconfig"; sourceTree = "<group>"; };
		D6728FC238D4CEC299E4A5F8 /* Pods-Messenger-MessengerUITests.debug.xcconfig */ = {isa = PBXFileReference; includeInIndex = 1; lastKnownFileType = text.xcconfig; name = "Pods-Messenger-MessengerUITests.debug.xcconfig"; path = "Target Support Files/Pods-Messenger-MessengerUITests/Pods-Messenger-MessengerUITests.debug.xcconfig"; sourceTree = "<group>"; };
/* End PBXFileReference section */

/* Begin PBXFrameworksBuildPhase section */
		65B921C82A3DCE7200E6BD15 /* Frameworks */ = {
			isa = PBXFrameworksBuildPhase;
			buildActionMask = 2147483647;
			files = (
				1E8558F950DE1A33A499243F /* Pods_Messenger.framework in Frameworks */,
			);
			runOnlyForDeploymentPostprocessing = 0;
		};
		65B921E12A3DCE7600E6BD15 /* Frameworks */ = {
			isa = PBXFrameworksBuildPhase;
			buildActionMask = 2147483647;
			files = (
				768182B5EEC9F5849E0F8B32 /* Pods_MessengerTests.framework in Frameworks */,
			);
			runOnlyForDeploymentPostprocessing = 0;
		};
		65B921EB2A3DCE7600E6BD15 /* Frameworks */ = {
			isa = PBXFrameworksBuildPhase;
			buildActionMask = 2147483647;
			files = (
				057F6DDE413FDBCC536FF96C /* Pods_Messenger_MessengerUITests.framework in Frameworks */,
			);
			runOnlyForDeploymentPostprocessing = 0;
		};
/* End PBXFrameworksBuildPhase section */

/* Begin PBXGroup section */
		13D7E36DE607F4EDA3F2B054 /* Pods */ = {
			isa = PBXGroup;
			children = (
				6C8DA0B4781A6F58E1454540 /* Pods-Messenger.debug.xcconfig */,
				D569FA6EB022D0F6A4615A39 /* Pods-Messenger.release.xcconfig */,
				D6728FC238D4CEC299E4A5F8 /* Pods-Messenger-MessengerUITests.debug.xcconfig */,
				3F1369E40E54334D36761C01 /* Pods-Messenger-MessengerUITests.release.xcconfig */,
				0752E9130DD574DC18C1CD68 /* Pods-MessengerTests.debug.xcconfig */,
				5DDF2CE223B172BDEF29DE5E /* Pods-MessengerTests.release.xcconfig */,
			);
			path = Pods;
			sourceTree = "<group>";
		};
		65B921C22A3DCE7200E6BD15 = {
			isa = PBXGroup;
			children = (
				65B921CD2A3DCE7200E6BD15 /* Messenger */,
				65B921E72A3DCE7600E6BD15 /* MessengerTests */,
				65B921F12A3DCE7600E6BD15 /* MessengerUITests */,
				65B921CC2A3DCE7200E6BD15 /* Products */,
				13D7E36DE607F4EDA3F2B054 /* Pods */,
				99F26C770B2206E00952CA84 /* Frameworks */,
			);
			sourceTree = "<group>";
		};
		65B921CC2A3DCE7200E6BD15 /* Products */ = {
			isa = PBXGroup;
			children = (
				65B921CB2A3DCE7200E6BD15 /* Messenger.app */,
				65B921E42A3DCE7600E6BD15 /* MessengerTests.xctest */,
				65B921EE2A3DCE7600E6BD15 /* MessengerUITests.xctest */,
			);
			name = Products;
			sourceTree = "<group>";
		};
		65B921CD2A3DCE7200E6BD15 /* Messenger */ = {
			isa = PBXGroup;
			children = (
				65B921DF2A3DCE7600E6BD15 /* Info.plist */,
				65B921D72A3DCE7200E6BD15 /* Messenger.xcdatamodeld */,
				654339B72A3EAC8C0075902C /* GoogleService-Info.plist */,
				65B922052A3E15EC00E6BD15 /* ViewModels */,
				65B922042A3E15DB00E6BD15 /* Resources */,
				65B922032A3E15D000E6BD15 /* Views */,
				65B922022A3E15CB00E6BD15 /* Models */,
				65B922012A3E15C200E6BD15 /* Controllers */,
			);
			path = Messenger;
			sourceTree = "<group>";
		};
		65B921E72A3DCE7600E6BD15 /* MessengerTests */ = {
			isa = PBXGroup;
			children = (
				65B921E82A3DCE7600E6BD15 /* MessengerTests.swift */,
			);
			path = MessengerTests;
			sourceTree = "<group>";
		};
		65B921F12A3DCE7600E6BD15 /* MessengerUITests */ = {
			isa = PBXGroup;
			children = (
				65B921F22A3DCE7600E6BD15 /* MessengerUITests.swift */,
				65B921F42A3DCE7600E6BD15 /* MessengerUITestsLaunchTests.swift */,
			);
			path = MessengerUITests;
			sourceTree = "<group>";
		};
		65B922012A3E15C200E6BD15 /* Controllers */ = {
			isa = PBXGroup;
			children = (
				65B921D22A3DCE7200E6BD15 /* ConversationViewController.swift */,
				65B922132A3E18DD00E6BD15 /* Login */,
				65B9220B2A3E17E000E6BD15 /* PhotoViewerViewController.swift */,
				65B9220D2A3E17EF00E6BD15 /* VideoPlayerViewController.swift */,
				65B9220F2A3E180C00E6BD15 /* NewConversationViewController.swift */,
				65B922112A3E182400E6BD15 /* ProfileViewController.swift */,
			);
			path = Controllers;
			sourceTree = "<group>";
		};
		65B922022A3E15CB00E6BD15 /* Models */ = {
			isa = PBXGroup;
			children = (
			);
			path = Models;
			sourceTree = "<group>";
		};
		65B922032A3E15D000E6BD15 /* Views */ = {
			isa = PBXGroup;
			children = (
				65B922062A3E161000E6BD15 /* Storyboard */,
				65B921DA2A3DCE7600E6BD15 /* Assets.xcassets */,
			);
			path = Views;
			sourceTree = "<group>";
		};
		65B922042A3E15DB00E6BD15 /* Resources */ = {
			isa = PBXGroup;
			children = (
				65B921CE2A3DCE7200E6BD15 /* AppDelegate.swift */,
				65B921D02A3DCE7200E6BD15 /* SceneDelegate.swift */,
				65B922142A3E20CD00E6BD15 /* Extensions.swift */,
				654339B92A3EB83C0075902C /* DatabaseManager.swift */,
			);
			path = Resources;
			sourceTree = "<group>";
		};
		65B922052A3E15EC00E6BD15 /* ViewModels */ = {
			isa = PBXGroup;
			children = (
			);
			path = ViewModels;
			sourceTree = "<group>";
		};
		65B922062A3E161000E6BD15 /* Storyboard */ = {
			isa = PBXGroup;
			children = (
				65B921D42A3DCE7200E6BD15 /* Main.storyboard */,
				65B921DC2A3DCE7600E6BD15 /* LaunchScreen.storyboard */,
			);
			path = Storyboard;
			sourceTree = "<group>";
		};
		65B922132A3E18DD00E6BD15 /* Login */ = {
			isa = PBXGroup;
			children = (
				65B922072A3E17A900E6BD15 /* LoginViewController.swift */,
				65B922092A3E17B800E6BD15 /* RegisterViewController.swift */,
			);
			path = Login;
			sourceTree = "<group>";
		};
		99F26C770B2206E00952CA84 /* Frameworks */ = {
			isa = PBXGroup;
			children = (
				20803CD18DFBE9314274AFCC /* Pods_Messenger.framework */,
				5BA14CE66AF89EA285BAAD1B /* Pods_Messenger_MessengerUITests.framework */,
				225E24D7F539BF12D500DD26 /* Pods_MessengerTests.framework */,
			);
			name = Frameworks;
			sourceTree = "<group>";
		};
/* End PBXGroup section */

/* Begin PBXNativeTarget section */
		65B921CA2A3DCE7200E6BD15 /* Messenger */ = {
			isa = PBXNativeTarget;
			buildConfigurationList = 65B921F82A3DCE7600E6BD15 /* Build configuration list for PBXNativeTarget "Messenger" */;
			buildPhases = (
				92A7CE57FB832BE3BAB71F3A /* [CP] Check Pods Manifest.lock */,
				65B921C72A3DCE7200E6BD15 /* Sources */,
				65B921C82A3DCE7200E6BD15 /* Frameworks */,
				65B921C92A3DCE7200E6BD15 /* Resources */,
				7D27CD5F35DBD01CE4B174DE /* [CP] Embed Pods Frameworks */,
			);
			buildRules = (
			);
			dependencies = (
			);
			name = Messenger;
			productName = Messenger;
			productReference = 65B921CB2A3DCE7200E6BD15 /* Messenger.app */;
			productType = "com.apple.product-type.application";
		};
		65B921E32A3DCE7600E6BD15 /* MessengerTests */ = {
			isa = PBXNativeTarget;
			buildConfigurationList = 65B921FB2A3DCE7600E6BD15 /* Build configuration list for PBXNativeTarget "MessengerTests" */;
			buildPhases = (
				D7B52B6F26294D73A19D00DA /* [CP] Check Pods Manifest.lock */,
				65B921E02A3DCE7600E6BD15 /* Sources */,
				65B921E12A3DCE7600E6BD15 /* Frameworks */,
				65B921E22A3DCE7600E6BD15 /* Resources */,
			);
			buildRules = (
			);
			dependencies = (
				65B921E62A3DCE7600E6BD15 /* PBXTargetDependency */,
			);
			name = MessengerTests;
			productName = MessengerTests;
			productReference = 65B921E42A3DCE7600E6BD15 /* MessengerTests.xctest */;
			productType = "com.apple.product-type.bundle.unit-test";
		};
		65B921ED2A3DCE7600E6BD15 /* MessengerUITests */ = {
			isa = PBXNativeTarget;
			buildConfigurationList = 65B921FE2A3DCE7600E6BD15 /* Build configuration list for PBXNativeTarget "MessengerUITests" */;
			buildPhases = (
				1EF3AD3B1F89A483DB4AB9CD /* [CP] Check Pods Manifest.lock */,
				65B921EA2A3DCE7600E6BD15 /* Sources */,
				65B921EB2A3DCE7600E6BD15 /* Frameworks */,
				65B921EC2A3DCE7600E6BD15 /* Resources */,
				278159076D752C7E8675F483 /* [CP] Embed Pods Frameworks */,
			);
			buildRules = (
			);
			dependencies = (
				65B921F02A3DCE7600E6BD15 /* PBXTargetDependency */,
			);
			name = MessengerUITests;
			productName = MessengerUITests;
			productReference = 65B921EE2A3DCE7600E6BD15 /* MessengerUITests.xctest */;
			productType = "com.apple.product-type.bundle.ui-testing";
		};
/* End PBXNativeTarget section */

/* Begin PBXProject section */
		65B921C32A3DCE7200E6BD15 /* Project object */ = {
			isa = PBXProject;
			attributes = {
				BuildIndependentTargetsInParallel = 1;
				LastSwiftUpdateCheck = 1330;
				LastUpgradeCheck = 1330;
				TargetAttributes = {
					65B921CA2A3DCE7200E6BD15 = {
						CreatedOnToolsVersion = 13.3;
					};
					65B921E32A3DCE7600E6BD15 = {
						CreatedOnToolsVersion = 13.3;
						TestTargetID = 65B921CA2A3DCE7200E6BD15;
					};
					65B921ED2A3DCE7600E6BD15 = {
						CreatedOnToolsVersion = 13.3;
						TestTargetID = 65B921CA2A3DCE7200E6BD15;
					};
				};
			};
			buildConfigurationList = 65B921C62A3DCE7200E6BD15 /* Build configuration list for PBXProject "Messenger" */;
			compatibilityVersion = "Xcode 13.0";
			developmentRegion = en;
			hasScannedForEncodings = 0;
			knownRegions = (
				en,
				Base,
			);
			mainGroup = 65B921C22A3DCE7200E6BD15;
			productRefGroup = 65B921CC2A3DCE7200E6BD15 /* Products */;
			projectDirPath = "";
			projectRoot = "";
			targets = (
				65B921CA2A3DCE7200E6BD15 /* Messenger */,
				65B921E32A3DCE7600E6BD15 /* MessengerTests */,
				65B921ED2A3DCE7600E6BD15 /* MessengerUITests */,
			);
		};
/* End PBXProject section */

/* Begin PBXResourcesBuildPhase section */
		65B921C92A3DCE7200E6BD15 /* Resources */ = {
			isa = PBXResourcesBuildPhase;
			buildActionMask = 2147483647;
			files = (
				65B921DE2A3DCE7600E6BD15 /* LaunchScreen.storyboard in Resources */,
				654339B82A3EAC8C0075902C /* GoogleService-Info.plist in Resources */,
				65B921DB2A3DCE7600E6BD15 /* Assets.xcassets in Resources */,
				65B921D62A3DCE7200E6BD15 /* Main.storyboard in Resources */,
			);
			runOnlyForDeploymentPostprocessing = 0;
		};
		65B921E22A3DCE7600E6BD15 /* Resources */ = {
			isa = PBXResourcesBuildPhase;
			buildActionMask = 2147483647;
			files = (
			);
			runOnlyForDeploymentPostprocessing = 0;
		};
		65B921EC2A3DCE7600E6BD15 /* Resources */ = {
			isa = PBXResourcesBuildPhase;
			buildActionMask = 2147483647;
			files = (
			);
			runOnlyForDeploymentPostprocessing = 0;
		};
/* End PBXResourcesBuildPhase section */

/* Begin PBXShellScriptBuildPhase section */
		1EF3AD3B1F89A483DB4AB9CD /* [CP] Check Pods Manifest.lock */ = {
			isa = PBXShellScriptBuildPhase;
			buildActionMask = 2147483647;
			files = (
			);
			inputFileListPaths = (
			);
			inputPaths = (
				"${PODS_PODFILE_DIR_PATH}/Podfile.lock",
				"${PODS_ROOT}/Manifest.lock",
			);
			name = "[CP] Check Pods Manifest.lock";
			outputFileListPaths = (
			);
			outputPaths = (
				"$(DERIVED_FILE_DIR)/Pods-Messenger-MessengerUITests-checkManifestLockResult.txt",
			);
			runOnlyForDeploymentPostprocessing = 0;
			shellPath = /bin/sh;
			shellScript = "diff \"${PODS_PODFILE_DIR_PATH}/Podfile.lock\" \"${PODS_ROOT}/Manifest.lock\" > /dev/null\nif [ $? != 0 ] ; then\n    # print error to STDERR\n    echo \"error: The sandbox is not in sync with the Podfile.lock. Run 'pod install' or update your CocoaPods installation.\" >&2\n    exit 1\nfi\n# This output is used by Xcode 'outputs' to avoid re-running this script phase.\necho \"SUCCESS\" > \"${SCRIPT_OUTPUT_FILE_0}\"\n";
			showEnvVarsInLog = 0;
		};
		278159076D752C7E8675F483 /* [CP] Embed Pods Frameworks */ = {
			isa = PBXShellScriptBuildPhase;
			buildActionMask = 2147483647;
			files = (
			);
			inputFileListPaths = (
				"${PODS_ROOT}/Target Support Files/Pods-Messenger-MessengerUITests/Pods-Messenger-MessengerUITests-frameworks-${CONFIGURATION}-input-files.xcfilelist",
			);
			name = "[CP] Embed Pods Frameworks";
			outputFileListPaths = (
				"${PODS_ROOT}/Target Support Files/Pods-Messenger-MessengerUITests/Pods-Messenger-MessengerUITests-frameworks-${CONFIGURATION}-output-files.xcfilelist",
			);
			runOnlyForDeploymentPostprocessing = 0;
			shellPath = /bin/sh;
			shellScript = "\"${PODS_ROOT}/Target Support Files/Pods-Messenger-MessengerUITests/Pods-Messenger-MessengerUITests-frameworks.sh\"\n";
			showEnvVarsInLog = 0;
		};
		7D27CD5F35DBD01CE4B174DE /* [CP] Embed Pods Frameworks */ = {
			isa = PBXShellScriptBuildPhase;
			buildActionMask = 2147483647;
			files = (
			);
			inputFileListPaths = (
				"${PODS_ROOT}/Target Support Files/Pods-Messenger/Pods-Messenger-frameworks-${CONFIGURATION}-input-files.xcfilelist",
			);
			name = "[CP] Embed Pods Frameworks";
			outputFileListPaths = (
				"${PODS_ROOT}/Target Support Files/Pods-Messenger/Pods-Messenger-frameworks-${CONFIGURATION}-output-files.xcfilelist",
			);
			runOnlyForDeploymentPostprocessing = 0;
			shellPath = /bin/sh;
			shellScript = "\"${PODS_ROOT}/Target Support Files/Pods-Messenger/Pods-Messenger-frameworks.sh\"\n";
			showEnvVarsInLog = 0;
		};
		92A7CE57FB832BE3BAB71F3A /* [CP] Check Pods Manifest.lock */ = {
			isa = PBXShellScriptBuildPhase;
			buildActionMask = 2147483647;
			files = (
			);
			inputFileListPaths = (
			);
			inputPaths = (
				"${PODS_PODFILE_DIR_PATH}/Podfile.lock",
				"${PODS_ROOT}/Manifest.lock",
			);
			name = "[CP] Check Pods Manifest.lock";
			outputFileListPaths = (
			);
			outputPaths = (
				"$(DERIVED_FILE_DIR)/Pods-Messenger-checkManifestLockResult.txt",
			);
			runOnlyForDeploymentPostprocessing = 0;
			shellPath = /bin/sh;
			shellScript = "diff \"${PODS_PODFILE_DIR_PATH}/Podfile.lock\" \"${PODS_ROOT}/Manifest.lock\" > /dev/null\nif [ $? != 0 ] ; then\n    # print error to STDERR\n    echo \"error: The sandbox is not in sync with the Podfile.lock. Run 'pod install' or update your CocoaPods installation.\" >&2\n    exit 1\nfi\n# This output is used by Xcode 'outputs' to avoid re-running this script phase.\necho \"SUCCESS\" > \"${SCRIPT_OUTPUT_FILE_0}\"\n";
			showEnvVarsInLog = 0;
		};
		D7B52B6F26294D73A19D00DA /* [CP] Check Pods Manifest.lock */ = {
			isa = PBXShellScriptBuildPhase;
			buildActionMask = 2147483647;
			files = (
			);
			inputFileListPaths = (
			);
			inputPaths = (
				"${PODS_PODFILE_DIR_PATH}/Podfile.lock",
				"${PODS_ROOT}/Manifest.lock",
			);
			name = "[CP] Check Pods Manifest.lock";
			outputFileListPaths = (
			);
			outputPaths = (
				"$(DERIVED_FILE_DIR)/Pods-MessengerTests-checkManifestLockResult.txt",
			);
			runOnlyForDeploymentPostprocessing = 0;
			shellPath = /bin/sh;
			shellScript = "diff \"${PODS_PODFILE_DIR_PATH}/Podfile.lock\" \"${PODS_ROOT}/Manifest.lock\" > /dev/null\nif [ $? != 0 ] ; then\n    # print error to STDERR\n    echo \"error: The sandbox is not in sync with the Podfile.lock. Run 'pod install' or update your CocoaPods installation.\" >&2\n    exit 1\nfi\n# This output is used by Xcode 'outputs' to avoid re-running this script phase.\necho \"SUCCESS\" > \"${SCRIPT_OUTPUT_FILE_0}\"\n";
			showEnvVarsInLog = 0;
		};
/* End PBXShellScriptBuildPhase section */

/* Begin PBXSourcesBuildPhase section */
		65B921C72A3DCE7200E6BD15 /* Sources */ = {
			isa = PBXSourcesBuildPhase;
			buildActionMask = 2147483647;
			files = (
				65B921D32A3DCE7200E6BD15 /* ConversationViewController.swift in Sources */,
				65B921CF2A3DCE7200E6BD15 /* AppDelegate.swift in Sources */,
				65B922122A3E182400E6BD15 /* ProfileViewController.swift in Sources */,
				65B921D12A3DCE7200E6BD15 /* SceneDelegate.swift in Sources */,
				65B9220C2A3E17E000E6BD15 /* PhotoViewerViewController.swift in Sources */,
				65B9220A2A3E17B800E6BD15 /* RegisterViewController.swift in Sources */,
				65B9220E2A3E17EF00E6BD15 /* VideoPlayerViewController.swift in Sources */,
				65B922102A3E180C00E6BD15 /* NewConversationViewController.swift in Sources */,
				654339BA2A3EB83C0075902C /* DatabaseManager.swift in Sources */,
				65B922082A3E17A900E6BD15 /* LoginViewController.swift in Sources */,
				65B922152A3E20CD00E6BD15 /* Extensions.swift in Sources */,
				65B921D92A3DCE7200E6BD15 /* Messenger.xcdatamodeld in Sources */,
			);
			runOnlyForDeploymentPostprocessing = 0;
		};
		65B921E02A3DCE7600E6BD15 /* Sources */ = {
			isa = PBXSourcesBuildPhase;
			buildActionMask = 2147483647;
			files = (
				65B921E92A3DCE7600E6BD15 /* MessengerTests.swift in Sources */,
			);
			runOnlyForDeploymentPostprocessing = 0;
		};
		65B921EA2A3DCE7600E6BD15 /* Sources */ = {
			isa = PBXSourcesBuildPhase;
			buildActionMask = 2147483647;
			files = (
				65B921F52A3DCE7600E6BD15 /* MessengerUITestsLaunchTests.swift in Sources */,
				65B921F32A3DCE7600E6BD15 /* MessengerUITests.swift in Sources */,
			);
			runOnlyForDeploymentPostprocessing = 0;
		};
/* End PBXSourcesBuildPhase section */

/* Begin PBXTargetDependency section */
		65B921E62A3DCE7600E6BD15 /* PBXTargetDependency */ = {
			isa = PBXTargetDependency;
			target = 65B921CA2A3DCE7200E6BD15 /* Messenger */;
			targetProxy = 65B921E52A3DCE7600E6BD15 /* PBXContainerItemProxy */;
		};
		65B921F02A3DCE7600E6BD15 /* PBXTargetDependency */ = {
			isa = PBXTargetDependency;
			target = 65B921CA2A3DCE7200E6BD15 /* Messenger */;
			targetProxy = 65B921EF2A3DCE7600E6BD15 /* PBXContainerItemProxy */;
		};
/* End PBXTargetDependency section */

/* Begin PBXVariantGroup section */
		65B921D42A3DCE7200E6BD15 /* Main.storyboard */ = {
			isa = PBXVariantGroup;
			children = (
				65B921D52A3DCE7200E6BD15 /* Base */,
			);
			name = Main.storyboard;
			sourceTree = "<group>";
		};
		65B921DC2A3DCE7600E6BD15 /* LaunchScreen.storyboard */ = {
			isa = PBXVariantGroup;
			children = (
				65B921DD2A3DCE7600E6BD15 /* Base */,
			);
			name = LaunchScreen.storyboard;
			sourceTree = "<group>";
		};
/* End PBXVariantGroup section */

/* Begin XCBuildConfiguration section */
		65B921F62A3DCE7600E6BD15 /* Debug */ = {
			isa = XCBuildConfiguration;
			buildSettings = {
				ALWAYS_SEARCH_USER_PATHS = NO;
				CLANG_ANALYZER_NONNULL = YES;
				CLANG_ANALYZER_NUMBER_OBJECT_CONVERSION = YES_AGGRESSIVE;
				CLANG_CXX_LANGUAGE_STANDARD = "gnu++17";
				CLANG_ENABLE_MODULES = YES;
				CLANG_ENABLE_OBJC_ARC = YES;
				CLANG_ENABLE_OBJC_WEAK = YES;
				CLANG_WARN_BLOCK_CAPTURE_AUTORELEASING = YES;
				CLANG_WARN_BOOL_CONVERSION = YES;
				CLANG_WARN_COMMA = YES;
				CLANG_WARN_CONSTANT_CONVERSION = YES;
				CLANG_WARN_DEPRECATED_OBJC_IMPLEMENTATIONS = YES;
				CLANG_WARN_DIRECT_OBJC_ISA_USAGE = YES_ERROR;
				CLANG_WARN_DOCUMENTATION_COMMENTS = YES;
				CLANG_WARN_EMPTY_BODY = YES;
				CLANG_WARN_ENUM_CONVERSION = YES;
				CLANG_WARN_INFINITE_RECURSION = YES;
				CLANG_WARN_INT_CONVERSION = YES;
				CLANG_WARN_NON_LITERAL_NULL_CONVERSION = YES;
				CLANG_WARN_OBJC_IMPLICIT_RETAIN_SELF = YES;
				CLANG_WARN_OBJC_LITERAL_CONVERSION = YES;
				CLANG_WARN_OBJC_ROOT_CLASS = YES_ERROR;
				CLANG_WARN_QUOTED_INCLUDE_IN_FRAMEWORK_HEADER = YES;
				CLANG_WARN_RANGE_LOOP_ANALYSIS = YES;
				CLANG_WARN_STRICT_PROTOTYPES = YES;
				CLANG_WARN_SUSPICIOUS_MOVE = YES;
				CLANG_WARN_UNGUARDED_AVAILABILITY = YES_AGGRESSIVE;
				CLANG_WARN_UNREACHABLE_CODE = YES;
				CLANG_WARN__DUPLICATE_METHOD_MATCH = YES;
				COPY_PHASE_STRIP = NO;
				DEBUG_INFORMATION_FORMAT = dwarf;
				ENABLE_STRICT_OBJC_MSGSEND = YES;
				ENABLE_TESTABILITY = YES;
				GCC_C_LANGUAGE_STANDARD = gnu11;
				GCC_DYNAMIC_NO_PIC = NO;
				GCC_NO_COMMON_BLOCKS = YES;
				GCC_OPTIMIZATION_LEVEL = 0;
				GCC_PREPROCESSOR_DEFINITIONS = (
					"DEBUG=1",
					"$(inherited)",
				);
				GCC_WARN_64_TO_32_BIT_CONVERSION = YES;
				GCC_WARN_ABOUT_RETURN_TYPE = YES_ERROR;
				GCC_WARN_UNDECLARED_SELECTOR = YES;
				GCC_WARN_UNINITIALIZED_AUTOS = YES_AGGRESSIVE;
				GCC_WARN_UNUSED_FUNCTION = YES;
				GCC_WARN_UNUSED_VARIABLE = YES;
				IPHONEOS_DEPLOYMENT_TARGET = 15.4;
				MTL_ENABLE_DEBUG_INFO = INCLUDE_SOURCE;
				MTL_FAST_MATH = YES;
				ONLY_ACTIVE_ARCH = YES;
				SDKROOT = iphoneos;
				SWIFT_ACTIVE_COMPILATION_CONDITIONS = DEBUG;
				SWIFT_OPTIMIZATION_LEVEL = "-Onone";
			};
			name = Debug;
		};
		65B921F72A3DCE7600E6BD15 /* Release */ = {
			isa = XCBuildConfiguration;
			buildSettings = {
				ALWAYS_SEARCH_USER_PATHS = NO;
				CLANG_ANALYZER_NONNULL = YES;
				CLANG_ANALYZER_NUMBER_OBJECT_CONVERSION = YES_AGGRESSIVE;
				CLANG_CXX_LANGUAGE_STANDARD = "gnu++17";
				CLANG_ENABLE_MODULES = YES;
				CLANG_ENABLE_OBJC_ARC = YES;
				CLANG_ENABLE_OBJC_WEAK = YES;
				CLANG_WARN_BLOCK_CAPTURE_AUTORELEASING = YES;
				CLANG_WARN_BOOL_CONVERSION = YES;
				CLANG_WARN_COMMA = YES;
				CLANG_WARN_CONSTANT_CONVERSION = YES;
				CLANG_WARN_DEPRECATED_OBJC_IMPLEMENTATIONS = YES;
				CLANG_WARN_DIRECT_OBJC_ISA_USAGE = YES_ERROR;
				CLANG_WARN_DOCUMENTATION_COMMENTS = YES;
				CLANG_WARN_EMPTY_BODY = YES;
				CLANG_WARN_ENUM_CONVERSION = YES;
				CLANG_WARN_INFINITE_RECURSION = YES;
				CLANG_WARN_INT_CONVERSION = YES;
				CLANG_WARN_NON_LITERAL_NULL_CONVERSION = YES;
				CLANG_WARN_OBJC_IMPLICIT_RETAIN_SELF = YES;
				CLANG_WARN_OBJC_LITERAL_CONVERSION = YES;
				CLANG_WARN_OBJC_ROOT_CLASS = YES_ERROR;
				CLANG_WARN_QUOTED_INCLUDE_IN_FRAMEWORK_HEADER = YES;
				CLANG_WARN_RANGE_LOOP_ANALYSIS = YES;
				CLANG_WARN_STRICT_PROTOTYPES = YES;
				CLANG_WARN_SUSPICIOUS_MOVE = YES;
				CLANG_WARN_UNGUARDED_AVAILABILITY = YES_AGGRESSIVE;
				CLANG_WARN_UNREACHABLE_CODE = YES;
				CLANG_WARN__DUPLICATE_METHOD_MATCH = YES;
				COPY_PHASE_STRIP = NO;
				DEBUG_INFORMATION_FORMAT = "dwarf-with-dsym";
				ENABLE_NS_ASSERTIONS = NO;
				ENABLE_STRICT_OBJC_MSGSEND = YES;
				GCC_C_LANGUAGE_STANDARD = gnu11;
				GCC_NO_COMMON_BLOCKS = YES;
				GCC_WARN_64_TO_32_BIT_CONVERSION = YES;
				GCC_WARN_ABOUT_RETURN_TYPE = YES_ERROR;
				GCC_WARN_UNDECLARED_SELECTOR = YES;
				GCC_WARN_UNINITIALIZED_AUTOS = YES_AGGRESSIVE;
				GCC_WARN_UNUSED_FUNCTION = YES;
				GCC_WARN_UNUSED_VARIABLE = YES;
				IPHONEOS_DEPLOYMENT_TARGET = 15.4;
				MTL_ENABLE_DEBUG_INFO = NO;
				MTL_FAST_MATH = YES;
				SDKROOT = iphoneos;
				SWIFT_COMPILATION_MODE = wholemodule;
				SWIFT_OPTIMIZATION_LEVEL = "-O";
				VALIDATE_PRODUCT = YES;
			};
			name = Release;
		};
		65B921F92A3DCE7600E6BD15 /* Debug */ = {
			isa = XCBuildConfiguration;
			baseConfigurationReference = 6C8DA0B4781A6F58E1454540 /* Pods-Messenger.debug.xcconfig */;
			buildSettings = {
				ASSETCATALOG_COMPILER_APPICON_NAME = AppIcon;
				ASSETCATALOG_COMPILER_GLOBAL_ACCENT_COLOR_NAME = AccentColor;
				CODE_SIGN_IDENTITY = "Apple Development";
				CODE_SIGN_STYLE = Automatic;
				CURRENT_PROJECT_VERSION = 1;
				DEVELOPMENT_TEAM = NTRW2Q55W3;
				GENERATE_INFOPLIST_FILE = YES;
				INFOPLIST_FILE = Messenger/Info.plist;
				INFOPLIST_KEY_UIApplicationSupportsIndirectInputEvents = YES;
				INFOPLIST_KEY_UILaunchStoryboardName = LaunchScreen;
				INFOPLIST_KEY_UIMainStoryboardFile = Main;
				INFOPLIST_KEY_UISupportedInterfaceOrientations = UIInterfaceOrientationPortrait;
				INFOPLIST_KEY_UISupportedInterfaceOrientations_iPad = "UIInterfaceOrientationPortrait UIInterfaceOrientationPortraitUpsideDown UIInterfaceOrientationLandscapeLeft UIInterfaceOrientationLandscapeRight";
				INFOPLIST_KEY_UISupportedInterfaceOrientations_iPhone = "UIInterfaceOrientationPortrait UIInterfaceOrientationLandscapeLeft UIInterfaceOrientationLandscapeRight";
				IPHONEOS_DEPLOYMENT_TARGET = 13.5;
				LD_RUNPATH_SEARCH_PATHS = (
					"$(inherited)",
					"@executable_path/Frameworks",
				);
				MARKETING_VERSION = 1.0;
				PRODUCT_BUNDLE_IDENTIFIER = com.gabrieldcc.Messenger;
				PRODUCT_NAME = "$(TARGET_NAME)";
				PROVISIONING_PROFILE_SPECIFIER = "";
				SWIFT_EMIT_LOC_STRINGS = YES;
				SWIFT_VERSION = 5.0;
				TARGETED_DEVICE_FAMILY = "1,2";
			};
			name = Debug;
		};
		65B921FA2A3DCE7600E6BD15 /* Release */ = {
			isa = XCBuildConfiguration;
			baseConfigurationReference = D569FA6EB022D0F6A4615A39 /* Pods-Messenger.release.xcconfig */;
			buildSettings = {
				ASSETCATALOG_COMPILER_APPICON_NAME = AppIcon;
				ASSETCATALOG_COMPILER_GLOBAL_ACCENT_COLOR_NAME = AccentColor;
				CODE_SIGN_IDENTITY = "Apple Development";
				CODE_SIGN_STYLE = Automatic;
				CURRENT_PROJECT_VERSION = 1;
				DEVELOPMENT_TEAM = NTRW2Q55W3;
				GENERATE_INFOPLIST_FILE = YES;
				INFOPLIST_FILE = Messenger/Info.plist;
				INFOPLIST_KEY_UIApplicationSupportsIndirectInputEvents = YES;
				INFOPLIST_KEY_UILaunchStoryboardName = LaunchScreen;
				INFOPLIST_KEY_UIMainStoryboardFile = Main;
				INFOPLIST_KEY_UISupportedInterfaceOrientations = UIInterfaceOrientationPortrait;
				INFOPLIST_KEY_UISupportedInterfaceOrientations_iPad = "UIInterfaceOrientationPortrait UIInterfaceOrientationPortraitUpsideDown UIInterfaceOrientationLandscapeLeft UIInterfaceOrientationLandscapeRight";
				INFOPLIST_KEY_UISupportedInterfaceOrientations_iPhone = "UIInterfaceOrientationPortrait UIInterfaceOrientationLandscapeLeft UIInterfaceOrientationLandscapeRight";
				IPHONEOS_DEPLOYMENT_TARGET = 13.5;
				LD_RUNPATH_SEARCH_PATHS = (
					"$(inherited)",
					"@executable_path/Frameworks",
				);
				MARKETING_VERSION = 1.0;
				PRODUCT_BUNDLE_IDENTIFIER = com.gabrieldcc.Messenger;
				PRODUCT_NAME = "$(TARGET_NAME)";
				PROVISIONING_PROFILE_SPECIFIER = "";
				SWIFT_EMIT_LOC_STRINGS = YES;
				SWIFT_VERSION = 5.0;
				TARGETED_DEVICE_FAMILY = "1,2";
			};
			name = Release;
		};
		65B921FC2A3DCE7600E6BD15 /* Debug */ = {
			isa = XCBuildConfiguration;
			baseConfigurationReference = 0752E9130DD574DC18C1CD68 /* Pods-MessengerTests.debug.xcconfig */;
			buildSettings = {
				ALWAYS_EMBED_SWIFT_STANDARD_LIBRARIES = YES;
				BUNDLE_LOADER = "$(TEST_HOST)";
				CODE_SIGN_STYLE = Automatic;
				CURRENT_PROJECT_VERSION = 1;
				DEVELOPMENT_TEAM = NTRW2Q55W3;
				GENERATE_INFOPLIST_FILE = YES;
				IPHONEOS_DEPLOYMENT_TARGET = 15.4;
				MARKETING_VERSION = 1.0;
				PRODUCT_BUNDLE_IDENTIFIER = com.gabrieldcc.MessengerTests;
				PRODUCT_NAME = "$(TARGET_NAME)";
				SWIFT_EMIT_LOC_STRINGS = NO;
				SWIFT_VERSION = 5.0;
				TARGETED_DEVICE_FAMILY = "1,2";
				TEST_HOST = "$(BUILT_PRODUCTS_DIR)/Messenger.app/Messenger";
			};
			name = Debug;
		};
		65B921FD2A3DCE7600E6BD15 /* Release */ = {
			isa = XCBuildConfiguration;
			baseConfigurationReference = 5DDF2CE223B172BDEF29DE5E /* Pods-MessengerTests.release.xcconfig */;
			buildSettings = {
				ALWAYS_EMBED_SWIFT_STANDARD_LIBRARIES = YES;
				BUNDLE_LOADER = "$(TEST_HOST)";
				CODE_SIGN_STYLE = Automatic;
				CURRENT_PROJECT_VERSION = 1;
				DEVELOPMENT_TEAM = NTRW2Q55W3;
				GENERATE_INFOPLIST_FILE = YES;
				IPHONEOS_DEPLOYMENT_TARGET = 15.4;
				MARKETING_VERSION = 1.0;
				PRODUCT_BUNDLE_IDENTIFIER = com.gabrieldcc.MessengerTests;
				PRODUCT_NAME = "$(TARGET_NAME)";
				SWIFT_EMIT_LOC_STRINGS = NO;
				SWIFT_VERSION = 5.0;
				TARGETED_DEVICE_FAMILY = "1,2";
				TEST_HOST = "$(BUILT_PRODUCTS_DIR)/Messenger.app/Messenger";
			};
			name = Release;
		};
		65B921FF2A3DCE7600E6BD15 /* Debug */ = {
			isa = XCBuildConfiguration;
			baseConfigurationReference = D6728FC238D4CEC299E4A5F8 /* Pods-Messenger-MessengerUITests.debug.xcconfig */;
			buildSettings = {
				ALWAYS_EMBED_SWIFT_STANDARD_LIBRARIES = YES;
				CODE_SIGN_STYLE = Automatic;
				CURRENT_PROJECT_VERSION = 1;
				DEVELOPMENT_TEAM = NTRW2Q55W3;
				GENERATE_INFOPLIST_FILE = YES;
				MARKETING_VERSION = 1.0;
				PRODUCT_BUNDLE_IDENTIFIER = com.gabrieldcc.MessengerUITests;
				PRODUCT_NAME = "$(TARGET_NAME)";
				SWIFT_EMIT_LOC_STRINGS = NO;
				SWIFT_VERSION = 5.0;
				TARGETED_DEVICE_FAMILY = "1,2";
				TEST_TARGET_NAME = Messenger;
			};
			name = Debug;
		};
		65B922002A3DCE7600E6BD15 /* Release */ = {
			isa = XCBuildConfiguration;
			baseConfigurationReference = 3F1369E40E54334D36761C01 /* Pods-Messenger-MessengerUITests.release.xcconfig */;
			buildSettings = {
				ALWAYS_EMBED_SWIFT_STANDARD_LIBRARIES = YES;
				CODE_SIGN_STYLE = Automatic;
				CURRENT_PROJECT_VERSION = 1;
				DEVELOPMENT_TEAM = NTRW2Q55W3;
				GENERATE_INFOPLIST_FILE = YES;
				MARKETING_VERSION = 1.0;
				PRODUCT_BUNDLE_IDENTIFIER = com.gabrieldcc.MessengerUITests;
				PRODUCT_NAME = "$(TARGET_NAME)";
				SWIFT_EMIT_LOC_STRINGS = NO;
				SWIFT_VERSION = 5.0;
				TARGETED_DEVICE_FAMILY = "1,2";
				TEST_TARGET_NAME = Messenger;
			};
			name = Release;
		};
/* End XCBuildConfiguration section */

/* Begin XCConfigurationList section */
		65B921C62A3DCE7200E6BD15 /* Build configuration list for PBXProject "Messenger" */ = {
			isa = XCConfigurationList;
			buildConfigurations = (
				65B921F62A3DCE7600E6BD15 /* Debug */,
				65B921F72A3DCE7600E6BD15 /* Release */,
			);
			defaultConfigurationIsVisible = 0;
			defaultConfigurationName = Release;
		};
		65B921F82A3DCE7600E6BD15 /* Build configuration list for PBXNativeTarget "Messenger" */ = {
			isa = XCConfigurationList;
			buildConfigurations = (
				65B921F92A3DCE7600E6BD15 /* Debug */,
				65B921FA2A3DCE7600E6BD15 /* Release */,
			);
			defaultConfigurationIsVisible = 0;
			defaultConfigurationName = Release;
		};
		65B921FB2A3DCE7600E6BD15 /* Build configuration list for PBXNativeTarget "MessengerTests" */ = {
			isa = XCConfigurationList;
			buildConfigurations = (
				65B921FC2A3DCE7600E6BD15 /* Debug */,
				65B921FD2A3DCE7600E6BD15 /* Release */,
			);
			defaultConfigurationIsVisible = 0;
			defaultConfigurationName = Release;
		};
		65B921FE2A3DCE7600E6BD15 /* Build configuration list for PBXNativeTarget "MessengerUITests" */ = {
			isa = XCConfigurationList;
			buildConfigurations = (
				65B921FF2A3DCE7600E6BD15 /* Debug */,
				65B922002A3DCE7600E6BD15 /* Release */,
			);
			defaultConfigurationIsVisible = 0;
			defaultConfigurationName = Release;
		};
/* End XCConfigurationList section */

/* Begin XCVersionGroup section */
		65B921D72A3DCE7200E6BD15 /* Messenger.xcdatamodeld */ = {
			isa = XCVersionGroup;
			children = (
				65B921D82A3DCE7200E6BD15 /* Messenger.xcdatamodel */,
			);
			currentVersion = 65B921D82A3DCE7200E6BD15 /* Messenger.xcdatamodel */;
			path = Messenger.xcdatamodeld;
			sourceTree = "<group>";
			versionGroupType = wrapper.xcdatamodel;
		};
/* End XCVersionGroup section */
	};
	rootObject = 65B921C32A3DCE7200E6BD15 /* Project object */;
}
